PODS:
  - DBHelp (0.1.2)
  - FMDB (2.7.2):
    - FMDB/standard (= 2.7.2)
  - FMDB/standard (2.7.2)
  - Kiwi (2.4.0)

DEPENDENCIES:
  - DBHelp (from `../`)
  - FMDB
  - Kiwi

EXTERNAL SOURCES:
  DBHelp:
    :path: ../

SPEC CHECKSUMS:
  DBHelp: 831b8132005c177a72a4b515e3d34c6426369386
  FMDB: 6198a90e7b6900cfc046e6bc0ef6ebb7be9236aa
  Kiwi: f49c9d54b28917df5928fe44968a39ed198cb8a8

PODFILE CHECKSUM: 3157b4c70885fa21b2f2da7af0f6aa4614934e34

COCOAPODS: 1.3.1
